
Microsoft Visual Studio Solution File, Format Version 12.00
# Visual Studio 15
VisualStudioVersion = 15.0.27428.2037
MinimumVisualStudioVersion = 10.0.40219.1
Project("{FAE04EC0-301F-11D3-BF4B-00C04F79EFBC}") = "bin2html", "bin2html\bin2html.csproj", "{39BA6E74-E064-4D89-817E-503BD9DDD0A2}"
EndProject
Global
	GlobalSection(SolutionConfigurationPlatforms) = preSolution
		Debug|Any CPU = Debug|Any CPU
		Release|Any CPU = Release|Any CPU
	EndGlobalSection
	GlobalSection(ProjectConfigurationPlatforms) = postSolution
		{39BA6E74-E064-4D89-817E-503BD9DDD0A2}.Debug|Any CPU.ActiveCfg = Debug|Any CPU
		{39BA6E74-E064-4D89-817E-503BD9DDD0A2}.Debug|Any CPU.Build.0 = Debug|Any CPU
		{39BA6E74-E064-4D89-817E-503BD9DDD0A2}.Release|Any CPU.ActiveCfg = Release|Any CPU
		{39BA6E74-E064-4D89-817E-503BD9DDD0A2}.Release|Any CPU.Build.0 = Release|Any CPU
	EndGlobalSection
	GlobalSection(SolutionProperties) = preSolution
		HideSolutionNode = FALSE
	EndGlobalSection
	GlobalSection(ExtensibilityGlobals) = postSolution
		SolutionGuid = {5C8B9CC6-4F93-4AD5-8ADF-1CE1FDC9EEDE}
	EndGlobalSection
EndGlobal
